
Microsoft Visual Studio Solution File, Format Version 12.00
# Visual Studio 15
VisualStudioVersion = 15.0.28307.329
MinimumVisualStudioVersion = 10.0.40219.1
Project("{FAE04EC0-301F-11D3-BF4B-00C04F79EFBC}") = "WpfApp1", "WpfApp1\WpfApp1.csproj", "{5FE25B93-7E6B-4BA3-9678-122193C39DD2}"
EndProject
Global
	GlobalSection(SolutionConfigurationPlatforms) = preSolution
		Debug|Any CPU = Debug|Any CPU
		Release|Any CPU = Release|Any CPU
	EndGlobalSection
	GlobalSection(ProjectConfigurationPlatforms) = postSolution
		{5FE25B93-7E6B-4BA3-9678-122193C39DD2}.Debug|Any CPU.ActiveCfg = Debug|Any CPU
		{5FE25B93-7E6B-4BA3-9678-122193C39DD2}.Debug|Any CPU.Build.0 = Debug|Any CPU
		{5FE25B93-7E6B-4BA3-9678-122193C39DD2}.Release|Any CPU.ActiveCfg = Release|Any CPU
		{5FE25B93-7E6B-4BA3-9678-122193C39DD2}.Release|Any CPU.Build.0 = Release|Any CPU
	EndGlobalSection
	GlobalSection(SolutionProperties) = preSolution
		HideSolutionNode = FALSE
	EndGlobalSection
	GlobalSection(ExtensibilityGlobals) = postSolution
		SolutionGuid = {24415E63-273A-486B-9625-809E92FA4240}
	EndGlobalSection
EndGlobal
